// !$*UTF8*$!
{
	archiveVersion = 1;
	classes = {
	};
	objectVersion = 46;
	objects = {

/* Begin PBXBuildFile section */
		FD7264E119BF6EEE00C18A7B /* AppDelegate.swift in Sources */ = {isa = PBXBuildFile; fileRef = FD7264E019BF6EEE00C18A7B /* AppDelegate.swift */; };
		FD7264E319BF6EEE00C18A7B /* ViewController.swift in Sources */ = {isa = PBXBuildFile; fileRef = FD7264E219BF6EEE00C18A7B /* ViewController.swift */; };
		FD7264E619BF6EEE00C18A7B /* Main.storyboard in Resources */ = {isa = PBXBuildFile; fileRef = FD7264E419BF6EEE00C18A7B /* Main.storyboard */; };
		FD7264E819BF6EEE00C18A7B /* Images.xcassets in Resources */ = {isa = PBXBuildFile; fileRef = FD7264E719BF6EEE00C18A7B /* Images.xcassets */; };
		FD7264F419BF6EEE00C18A7B /* CollectionViewTutorial1Tests.swift in Sources */ = {isa = PBXBuildFile; fileRef = FD7264F319BF6EEE00C18A7B /* CollectionViewTutorial1Tests.swift */; };
		FD7264FF19BF72DE00C18A7B /* SimpleCellCollectionViewCell.swift in Sources */ = {isa = PBXBuildFile; fileRef = FD7264FD19BF72DE00C18A7B /* SimpleCellCollectionViewCell.swift */; };
/* End PBXBuildFile section */

/* Begin PBXContainerItemProxy section */
		FD7264EE19BF6EEE00C18A7B /* PBXContainerItemProxy */ = {
			isa = PBXContainerItemProxy;
			containerPortal = FD7264D319BF6EEE00C18A7B /* Project object */;
			proxyType = 1;
			remoteGlobalIDString = FD7264DA19BF6EEE00C18A7B;
			remoteInfo = CollectionViewTutorial1;
		};
/* End PBXContainerItemProxy section */

/* Begin PBXFileReference section */
		FD7264DB19BF6EEE00C18A7B /* CollectionViewTutorial1.app */ = {isa = PBXFileReference; explicitFileType = wrapper.application; includeInIndex = 0; path = CollectionViewTutorial1.app; sourceTree = BUILT_PRODUCTS_DIR; };
		FD7264DF19BF6EEE00C18A7B /* Info.plist */ = {isa = PBXFileReference; lastKnownFileType = text.plist.xml; path = Info.plist; sourceTree = "<group>"; };
		FD7264E019BF6EEE00C18A7B /* AppDelegate.swift */ = {isa = PBXFileReference; lastKnownFileType = sourcecode.swift; path = AppDelegate.swift; sourceTree = "<group>"; };
		FD7264E219BF6EEE00C18A7B /* ViewController.swift */ = {isa = PBXFileReference; lastKnownFileType = sourcecode.swift; path = ViewController.swift; sourceTree = "<group>"; };
		FD7264E519BF6EEE00C18A7B /* Base */ = {isa = PBXFileReference; lastKnownFileType = file.storyboard; name = Base; path = Base.lproj/Main.storyboard; sourceTree = "<group>"; };
		FD7264E719BF6EEE00C18A7B /* Images.xcassets */ = {isa = PBXFileReference; lastKnownFileType = folder.assetcatalog; path = Images.xcassets; sourceTree = "<group>"; };
		FD7264ED19BF6EEE00C18A7B /* CollectionViewTutorial1Tests.xctest */ = {isa = PBXFileReference; explicitFileType = wrapper.cfbundle; includeInIndex = 0; path = CollectionViewTutorial1Tests.xctest; sourceTree = BUILT_PRODUCTS_DIR; };
		FD7264F219BF6EEE00C18A7B /* Info.plist */ = {isa = PBXFileReference; lastKnownFileType = text.plist.xml; path = Info.plist; sourceTree = "<group>"; };
		FD7264F319BF6EEE00C18A7B /* CollectionViewTutorial1Tests.swift */ = {isa = PBXFileReference; lastKnownFileType = sourcecode.swift; path = CollectionViewTutorial1Tests.swift; sourceTree = "<group>"; };
		FD7264FD19BF72DE00C18A7B /* SimpleCellCollectionViewCell.swift */ = {isa = PBXFileReference; fileEncoding = 4; lastKnownFileType = sourcecode.swift; path = SimpleCellCollectionViewCell.swift; sourceTree = "<group>"; };
/* End PBXFileReference section */

/* Begin PBXFrameworksBuildPhase section */
		FD7264D819BF6EEE00C18A7B /* Frameworks */ = {
			isa = PBXFrameworksBuildPhase;
			buildActionMask = 2147483647;
			files = (
			);
			runOnlyForDeploymentPostprocessing = 0;
		};
		FD7264EA19BF6EEE00C18A7B /* Frameworks */ = {
			isa = PBXFrameworksBuildPhase;
			buildActionMask = 2147483647;
			files = (
			);
			runOnlyForDeploymentPostprocessing = 0;
		};
/* End PBXFrameworksBuildPhase section */

/* Begin PBXGroup section */
		FD7264D219BF6EEE00C18A7B = {
			isa = PBXGroup;
			children = (
				FD7264DD19BF6EEE00C18A7B /* CollectionViewTutorial1 */,
				FD7264F019BF6EEE00C18A7B /* CollectionViewTutorial1Tests */,
				FD7264DC19BF6EEE00C18A7B /* Products */,
			);
			sourceTree = "<group>";
		};
		FD7264DC19BF6EEE00C18A7B /* Products */ = {
			isa = PBXGroup;
			children = (
				FD7264DB19BF6EEE00C18A7B /* CollectionViewTutorial1.app */,
				FD7264ED19BF6EEE00C18A7B /* CollectionViewTutorial1Tests.xctest */,
			);
			name = Products;
			sourceTree = "<group>";
		};
		FD7264DD19BF6EEE00C18A7B /* CollectionViewTutorial1 */ = {
			isa = PBXGroup;
			children = (
				FD7264E019BF6EEE00C18A7B /* AppDelegate.swift */,
				FD7264E219BF6EEE00C18A7B /* ViewController.swift */,
				FD7264E419BF6EEE00C18A7B /* Main.storyboard */,
				FD7264E719BF6EEE00C18A7B /* Images.xcassets */,
				FD7264DE19BF6EEE00C18A7B /* Supporting Files */,
				FD7264FD19BF72DE00C18A7B /* SimpleCellCollectionViewCell.swift */,
			);
			path = CollectionViewTutorial1;
			sourceTree = "<group>";
		};
		FD7264DE19BF6EEE00C18A7B /* Supporting Files */ = {
			isa = PBXGroup;
			children = (
				FD7264DF19BF6EEE00C18A7B /* Info.plist */,
			);
			name = "Supporting Files";
			sourceTree = "<group>";
		};
		FD7264F019BF6EEE00C18A7B /* CollectionViewTutorial1Tests */ = {
			isa = PBXGroup;
			children = (
				FD7264F319BF6EEE00C18A7B /* CollectionViewTutorial1Tests.swift */,
				FD7264F119BF6EEE00C18A7B /* Supporting Files */,
			);
			path = CollectionViewTutorial1Tests;
			sourceTree = "<group>";
		};
		FD7264F119BF6EEE00C18A7B /* Supporting Files */ = {
			isa = PBXGroup;
			children = (
				FD7264F219BF6EEE00C18A7B /* Info.plist */,
			);
			name = "Supporting Files";
			sourceTree = "<group>";
		};
/* End PBXGroup section */

/* Begin PBXNativeTarget section */
		FD7264DA19BF6EEE00C18A7B /* CollectionViewTutorial1 */ = {
			isa = PBXNativeTarget;
			buildConfigurationList = FD7264F719BF6EEE00C18A7B /* Build configuration list for PBXNativeTarget "CollectionViewTutorial1" */;
			buildPhases = (
				FD7264D719BF6EEE00C18A7B /* Sources */,
				FD7264D819BF6EEE00C18A7B /* Frameworks */,
				FD7264D919BF6EEE00C18A7B /* Resources */,
			);
			buildRules = (
			);
			dependencies = (
			);
			name = CollectionViewTutorial1;
			productName = CollectionViewTutorial1;
			productReference = FD7264DB19BF6EEE00C18A7B /* CollectionViewTutorial1.app */;
			productType = "com.apple.product-type.application";
		};
		FD7264EC19BF6EEE00C18A7B /* CollectionViewTutorial1Tests */ = {
			isa = PBXNativeTarget;
			buildConfigurationList = FD7264FA19BF6EEE00C18A7B /* Build configuration list for PBXNativeTarget "CollectionViewTutorial1Tests" */;
			buildPhases = (
				FD7264E919BF6EEE00C18A7B /* Sources */,
				FD7264EA19BF6EEE00C18A7B /* Frameworks */,
				FD7264EB19BF6EEE00C18A7B /* Resources */,
			);
			buildRules = (
			);
			dependencies = (
				FD7264EF19BF6EEE00C18A7B /* PBXTargetDependency */,
			);
			name = CollectionViewTutorial1Tests;
			productName = CollectionViewTutorial1Tests;
			productReference = FD7264ED19BF6EEE00C18A7B /* CollectionViewTutorial1Tests.xctest */;
			productType = "com.apple.product-type.bundle.unit-test";
		};
/* End PBXNativeTarget section */

/* Begin PBXProject section */
		FD7264D319BF6EEE00C18A7B /* Project object */ = {
			isa = PBXProject;
			attributes = {
				LastUpgradeCheck = 0600;
				ORGANIZATIONNAME = "Sean Zehnder";
				TargetAttributes = {
					FD7264DA19BF6EEE00C18A7B = {
						CreatedOnToolsVersion = 6.0;
					};
					FD7264EC19BF6EEE00C18A7B = {
						CreatedOnToolsVersion = 6.0;
						TestTargetID = FD7264DA19BF6EEE00C18A7B;
					};
				};
			};
			buildConfigurationList = FD7264D619BF6EEE00C18A7B /* Build configuration list for PBXProject "CollectionViewTutorial1" */;
			compatibilityVersion = "Xcode 3.2";
			developmentRegion = English;
			hasScannedForEncodings = 0;
			knownRegions = (
				en,
				Base,
			);
			mainGroup = FD7264D219BF6EEE00C18A7B;
			productRefGroup = FD7264DC19BF6EEE00C18A7B /* Products */;
			projectDirPath = "";
			projectRoot = "";
			targets = (
				FD7264DA19BF6EEE00C18A7B /* CollectionViewTutorial1 */,
				FD7264EC19BF6EEE00C18A7B /* CollectionViewTutorial1Tests */,
			);
		};
/* End PBXProject section */

/* Begin PBXResourcesBuildPhase section */
		FD7264D919BF6EEE00C18A7B /* Resources */ = {
			isa = PBXResourcesBuildPhase;
			buildActionMask = 2147483647;
			files = (
				FD7264E619BF6EEE00C18A7B /* Main.storyboard in Resources */,
				FD7264E819BF6EEE00C18A7B /* Images.xcassets in Resources */,
			);
			runOnlyForDeploymentPostprocessing = 0;
		};
		FD7264EB19BF6EEE00C18A7B /* Resources */ = {
			isa = PBXResourcesBuildPhase;
			buildActionMask = 2147483647;
			files = (
			);
			runOnlyForDeploymentPostprocessing = 0;
		};
/* End PBXResourcesBuildPhase section */

/* Begin PBXSourcesBuildPhase section */
		FD7264D719BF6EEE00C18A7B /* Sources */ = {
			isa = PBXSourcesBuildPhase;
			buildActionMask = 2147483647;
			files = (
				FD7264FF19BF72DE00C18A7B /* SimpleCellCollectionViewCell.swift in Sources */,
				FD7264E319BF6EEE00C18A7B /* ViewController.swift in Sources */,
				FD7264E119BF6EEE00C18A7B /* AppDelegate.swift in Sources */,
			);
			runOnlyForDeploymentPostprocessing = 0;
		};
		FD7264E919BF6EEE00C18A7B /* Sources */ = {
			isa = PBXSourcesBuildPhase;
			buildActionMask = 2147483647;
			files = (
				FD7264F419BF6EEE00C18A7B /* CollectionViewTutorial1Tests.swift in Sources */,
			);
			runOnlyForDeploymentPostprocessing = 0;
		};
/* End PBXSourcesBuildPhase section */

/* Begin PBXTargetDependency section */
		FD7264EF19BF6EEE00C18A7B /* PBXTargetDependency */ = {
			isa = PBXTargetDependency;
			target = FD7264DA19BF6EEE00C18A7B /* CollectionViewTutorial1 */;
			targetProxy = FD7264EE19BF6EEE00C18A7B /* PBXContainerItemProxy */;
		};
/* End PBXTargetDependency section */

/* Begin PBXVariantGroup section */
		FD7264E419BF6EEE00C18A7B /* Main.storyboard */ = {
			isa = PBXVariantGroup;
			children = (
				FD7264E519BF6EEE00C18A7B /* Base */,
			);
			name = Main.storyboard;
			sourceTree = "<group>";
		};
/* End PBXVariantGroup section */

/* Begin XCBuildConfiguration section */
		FD7264F519BF6EEE00C18A7B /* Debug */ = {
			isa = XCBuildConfiguration;
			buildSettings = {
				ALWAYS_SEARCH_USER_PATHS = NO;
				CLANG_CXX_LANGUAGE_STANDARD = "gnu++0x";
				CLANG_CXX_LIBRARY = "libc++";
				CLANG_ENABLE_MODULES = YES;
				CLANG_ENABLE_OBJC_ARC = YES;
				CLANG_WARN_BOOL_CONVERSION = YES;
				CLANG_WARN_CONSTANT_CONVERSION = YES;
				CLANG_WARN_DIRECT_OBJC_ISA_USAGE = YES_ERROR;
				CLANG_WARN_EMPTY_BODY = YES;
				CLANG_WARN_ENUM_CONVERSION = YES;
				CLANG_WARN_INT_CONVERSION = YES;
				CLANG_WARN_OBJC_ROOT_CLASS = YES_ERROR;
				CLANG_WARN_UNREACHABLE_CODE = YES;
				CLANG_WARN__DUPLICATE_METHOD_MATCH = YES;
				"CODE_SIGN_IDENTITY[sdk=iphoneos*]" = "iPhone Developer";
				COPY_PHASE_STRIP = NO;
				ENABLE_STRICT_OBJC_MSGSEND = YES;
				GCC_C_LANGUAGE_STANDARD = gnu99;
				GCC_DYNAMIC_NO_PIC = NO;
				GCC_OPTIMIZATION_LEVEL = 0;
				GCC_PREPROCESSOR_DEFINITIONS = (
					"DEBUG=1",
					"$(inherited)",
				);
				GCC_SYMBOLS_PRIVATE_EXTERN = NO;
				GCC_WARN_64_TO_32_BIT_CONVERSION = YES;
				GCC_WARN_ABOUT_RETURN_TYPE = YES_ERROR;
				GCC_WARN_UNDECLARED_SELECTOR = YES;
				GCC_WARN_UNINITIALIZED_AUTOS = YES_AGGRESSIVE;
				GCC_WARN_UNUSED_FUNCTION = YES;
				GCC_WARN_UNUSED_VARIABLE = YES;
				IPHONEOS_DEPLOYMENT_TARGET = 8.0;
				MTL_ENABLE_DEBUG_INFO = YES;
				ONLY_ACTIVE_ARCH = YES;
				SDKROOT = iphoneos;
				SWIFT_OPTIMIZATION_LEVEL = "-Onone";
			};
			name = Debug;
		};
		FD7264F619BF6EEE00C18A7B /* Release */ = {
			isa = XCBuildConfiguration;
			buildSettings = {
				ALWAYS_SEARCH_USER_PATHS = NO;
				CLANG_CXX_LANGUAGE_STANDARD = "gnu++0x";
				CLANG_CXX_LIBRARY = "libc++";
				CLANG_ENABLE_MODULES = YES;
				CLANG_ENABLE_OBJC_ARC = YES;
				CLANG_WARN_BOOL_CONVERSION = YES;
				CLANG_WARN_CONSTANT_CONVERSION = YES;
				CLANG_WARN_DIRECT_OBJC_ISA_USAGE = YES_ERROR;
				CLANG_WARN_EMPTY_BODY = YES;
				CLANG_WARN_ENUM_CONVERSION = YES;
				CLANG_WARN_INT_CONVERSION = YES;
				CLANG_WARN_OBJC_ROOT_CLASS = YES_ERROR;
				CLANG_WARN_UNREACHABLE_CODE = YES;
				CLANG_WARN__DUPLICATE_METHOD_MATCH = YES;
				"CODE_SIGN_IDENTITY[sdk=iphoneos*]" = "iPhone Developer";
				COPY_PHASE_STRIP = YES;
				ENABLE_NS_ASSERTIONS = NO;
				ENABLE_STRICT_OBJC_MSGSEND = YES;
				GCC_C_LANGUAGE_STANDARD = gnu99;
				GCC_WARN_64_TO_32_BIT_CONVERSION = YES;
				GCC_WARN_ABOUT_RETURN_TYPE = YES_ERROR;
				GCC_WARN_UNDECLARED_SELECTOR = YES;
				GCC_WARN_UNINITIALIZED_AUTOS = YES_AGGRESSIVE;
				GCC_WARN_UNUSED_FUNCTION = YES;
				GCC_WARN_UNUSED_VARIABLE = YES;
				IPHONEOS_DEPLOYMENT_TARGET = 8.0;
				MTL_ENABLE_DEBUG_INFO = NO;
				SDKROOT = iphoneos;
				VALIDATE_PRODUCT = YES;
			};
			name = Release;
		};
		FD7264F819BF6EEE00C18A7B /* Debug */ = {
			isa = XCBuildConfiguration;
			buildSettings = {
				ASSETCATALOG_COMPILER_APPICON_NAME = AppIcon;
				ASSETCATALOG_COMPILER_LAUNCHIMAGE_NAME = LaunchImage;
				INFOPLIST_FILE = CollectionViewTutorial1/Info.plist;
				LD_RUNPATH_SEARCH_PATHS = "$(inherited) @executable_path/Frameworks";
				PRODUCT_NAME = "$(TARGET_NAME)";
			};
			name = Debug;
		};
		FD7264F919BF6EEE00C18A7B /* Release */ = {
			isa = XCBuildConfiguration;
			buildSettings = {
				ASSETCATALOG_COMPILER_APPICON_NAME = AppIcon;
				ASSETCATALOG_COMPILER_LAUNCHIMAGE_NAME = LaunchImage;
				INFOPLIST_FILE = CollectionViewTutorial1/Info.plist;
				LD_RUNPATH_SEARCH_PATHS = "$(inherited) @executable_path/Frameworks";
				PRODUCT_NAME = "$(TARGET_NAME)";
			};
			name = Release;
		};
		FD7264FB19BF6EEE00C18A7B /* Debug */ = {
			isa = XCBuildConfiguration;
			buildSettings = {
				BUNDLE_LOADER = "$(TEST_HOST)";
				FRAMEWORK_SEARCH_PATHS = (
					"$(SDKROOT)/Developer/Library/Frameworks",
					"$(inherited)",
				);
				GCC_PREPROCESSOR_DEFINITIONS = (
					"DEBUG=1",
					"$(inherited)",
				);
				INFOPLIST_FILE = CollectionViewTutorial1Tests/Info.plist;
				LD_RUNPATH_SEARCH_PATHS = "$(inherited) @executable_path/Frameworks @loader_path/Frameworks";
				PRODUCT_NAME = "$(TARGET_NAME)";
				TEST_HOST = "$(BUILT_PRODUCTS_DIR)/CollectionViewTutorial1.app/CollectionViewTutorial1";
			};
			name = Debug;
		};
		FD7264FC19BF6EEE00C18A7B /* Release */ = {
			isa = XCBuildConfiguration;
			buildSettings = {
				BUNDLE_LOADER = "$(TEST_HOST)";
				FRAMEWORK_SEARCH_PATHS = (
					"$(SDKROOT)/Developer/Library/Frameworks",
					"$(inherited)",
				);
				INFOPLIST_FILE = CollectionViewTutorial1Tests/Info.plist;
				LD_RUNPATH_SEARCH_PATHS = "$(inherited) @executable_path/Frameworks @loader_path/Frameworks";
				PRODUCT_NAME = "$(TARGET_NAME)";
				TEST_HOST = "$(BUILT_PRODUCTS_DIR)/CollectionViewTutorial1.app/CollectionViewTutorial1";
			};
			name = Release;
		};
/* End XCBuildConfiguration section */

/* Begin XCConfigurationList section */
		FD7264D619BF6EEE00C18A7B /* Build configuration list for PBXProject "CollectionViewTutorial1" */ = {
			isa = XCConfigurationList;
			buildConfigurations = (
				FD7264F519BF6EEE00C18A7B /* Debug */,
				FD7264F619BF6EEE00C18A7B /* Release */,
			);
			defaultConfigurationIsVisible = 0;
			defaultConfigurationName = Release;
		};
		FD7264F719BF6EEE00C18A7B /* Build configuration list for PBXNativeTarget "CollectionViewTutorial1" */ = {
			isa = XCConfigurationList;
			buildConfigurations = (
				FD7264F819BF6EEE00C18A7B /* Debug */,
				FD7264F919BF6EEE00C18A7B /* Release */,
			);
			defaultConfigurationIsVisible = 0;
		};
		FD7264FA19BF6EEE00C18A7B /* Build configuration list for PBXNativeTarget "CollectionViewTutorial1Tests" */ = {
			isa = XCConfigurationList;
			buildConfigurations = (
				FD7264FB19BF6EEE00C18A7B /* Debug */,
				FD7264FC19BF6EEE00C18A7B /* Release */,
			);
			defaultConfigurationIsVisible = 0;
		};
/* End XCConfigurationList section */
	};
	rootObject = FD7264D319BF6EEE00C18A7B /* Project object */;
}
